
Microsoft Visual Studio Solution File, Format Version 12.00
# Visual Studio Version 17
VisualStudioVersion = 17.0.31903.59
MinimumVisualStudioVersion = 10.0.40219.1
Project("{8BC9CEB8-8B4A-11D0-8D11-00A0C91BC942}") = "serviceJikken1", "serviceJikken1\serviceJikken1.vcxproj", "{911E9688-3C3F-4054-BB08-E6DEEA7AC6FB}"
EndProject
Project("{8BC9CEB8-8B4A-11D0-8D11-00A0C91BC942}") = "ConsoleApplication1", "ConsoleApplication1\ConsoleApplication1.vcxproj", "{DF5E481C-D96C-4143-A260-B815DFCA9488}"
EndProject
Project("{9A19103F-16F7-4668-BE54-9A1E7A4F7556}") = "WorkerService1", "WorkerService1\WorkerService1.csproj", "{43CE0175-0489-4EB2-9FF8-EF293539527F}"
EndProject
Project("{9A19103F-16F7-4668-BE54-9A1E7A4F7556}") = "ToastLauncher", "ToastLauncher\ToastLauncher.csproj", "{2777E9CF-6657-4526-8CC4-F3C48961BA1E}"
EndProject
Project("{9A19103F-16F7-4668-BE54-9A1E7A4F7556}") = "BlurWindowLauncher", "BlurWindowLauncher\BlurWindowLauncher.csproj", "{CC6B7F8E-EECF-404A-896F-E6753B1B8E9C}"
EndProject
Global
	GlobalSection(SolutionConfigurationPlatforms) = preSolution
		Debug|Any CPU = Debug|Any CPU
		Debug|x64 = Debug|x64
		Debug|x86 = Debug|x86
		Release|Any CPU = Release|Any CPU
		Release|x64 = Release|x64
		Release|x86 = Release|x86
	EndGlobalSection
	GlobalSection(ProjectConfigurationPlatforms) = postSolution
		{911E9688-3C3F-4054-BB08-E6DEEA7AC6FB}.Debug|Any CPU.ActiveCfg = Debug|x64
		{911E9688-3C3F-4054-BB08-E6DEEA7AC6FB}.Debug|Any CPU.Build.0 = Debug|x64
		{911E9688-3C3F-4054-BB08-E6DEEA7AC6FB}.Debug|x64.ActiveCfg = Debug|x64
		{911E9688-3C3F-4054-BB08-E6DEEA7AC6FB}.Debug|x86.ActiveCfg = Debug|Win32
		{911E9688-3C3F-4054-BB08-E6DEEA7AC6FB}.Debug|x86.Build.0 = Debug|Win32
		{911E9688-3C3F-4054-BB08-E6DEEA7AC6FB}.Release|Any CPU.ActiveCfg = Release|x64
		{911E9688-3C3F-4054-BB08-E6DEEA7AC6FB}.Release|Any CPU.Build.0 = Release|x64
		{911E9688-3C3F-4054-BB08-E6DEEA7AC6FB}.Release|x64.ActiveCfg = Release|x64
		{911E9688-3C3F-4054-BB08-E6DEEA7AC6FB}.Release|x64.Build.0 = Release|x64
		{911E9688-3C3F-4054-BB08-E6DEEA7AC6FB}.Release|x86.ActiveCfg = Release|Win32
		{911E9688-3C3F-4054-BB08-E6DEEA7AC6FB}.Release|x86.Build.0 = Release|Win32
		{DF5E481C-D96C-4143-A260-B815DFCA9488}.Debug|Any CPU.ActiveCfg = Debug|x64
		{DF5E481C-D96C-4143-A260-B815DFCA9488}.Debug|Any CPU.Build.0 = Debug|x64
		{DF5E481C-D96C-4143-A260-B815DFCA9488}.Debug|x64.ActiveCfg = Debug|x64
		{DF5E481C-D96C-4143-A260-B815DFCA9488}.Debug|x86.ActiveCfg = Debug|Win32
		{DF5E481C-D96C-4143-A260-B815DFCA9488}.Debug|x86.Build.0 = Debug|Win32
		{DF5E481C-D96C-4143-A260-B815DFCA9488}.Release|Any CPU.ActiveCfg = Release|x64
		{DF5E481C-D96C-4143-A260-B815DFCA9488}.Release|Any CPU.Build.0 = Release|x64
		{DF5E481C-D96C-4143-A260-B815DFCA9488}.Release|x64.ActiveCfg = Release|x64
		{DF5E481C-D96C-4143-A260-B815DFCA9488}.Release|x64.Build.0 = Release|x64
		{DF5E481C-D96C-4143-A260-B815DFCA9488}.Release|x86.ActiveCfg = Release|Win32
		{DF5E481C-D96C-4143-A260-B815DFCA9488}.Release|x86.Build.0 = Release|Win32
		{43CE0175-0489-4EB2-9FF8-EF293539527F}.Debug|Any CPU.ActiveCfg = Debug|Any CPU
		{43CE0175-0489-4EB2-9FF8-EF293539527F}.Debug|Any CPU.Build.0 = Debug|Any CPU
		{43CE0175-0489-4EB2-9FF8-EF293539527F}.Debug|x64.ActiveCfg = Debug|Any CPU
		{43CE0175-0489-4EB2-9FF8-EF293539527F}.Debug|x64.Build.0 = Debug|Any CPU
		{43CE0175-0489-4EB2-9FF8-EF293539527F}.Debug|x86.ActiveCfg = Debug|Any CPU
		{43CE0175-0489-4EB2-9FF8-EF293539527F}.Debug|x86.Build.0 = Debug|Any CPU
		{43CE0175-0489-4EB2-9FF8-EF293539527F}.Release|Any CPU.ActiveCfg = Release|Any CPU
		{43CE0175-0489-4EB2-9FF8-EF293539527F}.Release|Any CPU.Build.0 = Release|Any CPU
		{43CE0175-0489-4EB2-9FF8-EF293539527F}.Release|x64.ActiveCfg = Release|Any CPU
		{43CE0175-0489-4EB2-9FF8-EF293539527F}.Release|x64.Build.0 = Release|Any CPU
		{43CE0175-0489-4EB2-9FF8-EF293539527F}.Release|x86.ActiveCfg = Release|Any CPU
		{43CE0175-0489-4EB2-9FF8-EF293539527F}.Release|x86.Build.0 = Release|Any CPU
		{2777E9CF-6657-4526-8CC4-F3C48961BA1E}.Debug|Any CPU.ActiveCfg = Debug|Any CPU
		{2777E9CF-6657-4526-8CC4-F3C48961BA1E}.Debug|Any CPU.Build.0 = Debug|Any CPU
		{2777E9CF-6657-4526-8CC4-F3C48961BA1E}.Debug|x64.ActiveCfg = Debug|Any CPU
		{2777E9CF-6657-4526-8CC4-F3C48961BA1E}.Debug|x64.Build.0 = Debug|Any CPU
		{2777E9CF-6657-4526-8CC4-F3C48961BA1E}.Debug|x86.ActiveCfg = Debug|Any CPU
		{2777E9CF-6657-4526-8CC4-F3C48961BA1E}.Debug|x86.Build.0 = Debug|Any CPU
		{2777E9CF-6657-4526-8CC4-F3C48961BA1E}.Release|Any CPU.ActiveCfg = Release|Any CPU
		{2777E9CF-6657-4526-8CC4-F3C48961BA1E}.Release|Any CPU.Build.0 = Release|Any CPU
		{2777E9CF-6657-4526-8CC4-F3C48961BA1E}.Release|x64.ActiveCfg = Release|Any CPU
		{2777E9CF-6657-4526-8CC4-F3C48961BA1E}.Release|x64.Build.0 = Release|Any CPU
		{2777E9CF-6657-4526-8CC4-F3C48961BA1E}.Release|x86.ActiveCfg = Release|Any CPU
		{2777E9CF-6657-4526-8CC4-F3C48961BA1E}.Release|x86.Build.0 = Release|Any CPU
		{CC6B7F8E-EECF-404A-896F-E6753B1B8E9C}.Debug|Any CPU.ActiveCfg = Debug|Any CPU
		{CC6B7F8E-EECF-404A-896F-E6753B1B8E9C}.Debug|Any CPU.Build.0 = Debug|Any CPU
		{CC6B7F8E-EECF-404A-896F-E6753B1B8E9C}.Debug|x64.ActiveCfg = Debug|Any CPU
		{CC6B7F8E-EECF-404A-896F-E6753B1B8E9C}.Debug|x64.Build.0 = Debug|Any CPU
		{CC6B7F8E-EECF-404A-896F-E6753B1B8E9C}.Debug|x86.ActiveCfg = Debug|Any CPU
		{CC6B7F8E-EECF-404A-896F-E6753B1B8E9C}.Debug|x86.Build.0 = Debug|Any CPU
		{CC6B7F8E-EECF-404A-896F-E6753B1B8E9C}.Release|Any CPU.ActiveCfg = Release|Any CPU
		{CC6B7F8E-EECF-404A-896F-E6753B1B8E9C}.Release|Any CPU.Build.0 = Release|Any CPU
		{CC6B7F8E-EECF-404A-896F-E6753B1B8E9C}.Release|x64.ActiveCfg = Release|Any CPU
		{CC6B7F8E-EECF-404A-896F-E6753B1B8E9C}.Release|x64.Build.0 = Release|Any CPU
		{CC6B7F8E-EECF-404A-896F-E6753B1B8E9C}.Release|x86.ActiveCfg = Release|Any CPU
		{CC6B7F8E-EECF-404A-896F-E6753B1B8E9C}.Release|x86.Build.0 = Release|Any CPU
	EndGlobalSection
	GlobalSection(SolutionProperties) = preSolution
		HideSolutionNode = FALSE
	EndGlobalSection
	GlobalSection(ExtensibilityGlobals) = postSolution
		SolutionGuid = {C32A0787-1DC3-4AE7-A34A-759317FFCEB5}
	EndGlobalSection
EndGlobal
